
Microsoft Visual Studio Solution File, Format Version 12.00
# Visual Studio Version 17
VisualStudioVersion = 17.4.33103.184
MinimumVisualStudioVersion = 10.0.40219.1
Project("{FAE04EC0-301F-11D3-BF4B-00C04F79EFBC}") = "Transactional Application", "Transactional Application\Transactional Application.csproj", "{2F5623B3-A7CB-4A8B-9DEE-662B3FF16DE3}"
EndProject
Global
	GlobalSection(SolutionConfigurationPlatforms) = preSolution
		Debug|Any CPU = Debug|Any CPU
		Release|Any CPU = Release|Any CPU
	EndGlobalSection
	GlobalSection(ProjectConfigurationPlatforms) = postSolution
		{2F5623B3-A7CB-4A8B-9DEE-662B3FF16DE3}.Debug|Any CPU.ActiveCfg = Debug|Any CPU
		{2F5623B3-A7CB-4A8B-9DEE-662B3FF16DE3}.Debug|Any CPU.Build.0 = Debug|Any CPU
		{2F5623B3-A7CB-4A8B-9DEE-662B3FF16DE3}.Release|Any CPU.ActiveCfg = Release|Any CPU
		{2F5623B3-A7CB-4A8B-9DEE-662B3FF16DE3}.Release|Any CPU.Build.0 = Release|Any CPU
	EndGlobalSection
	GlobalSection(SolutionProperties) = preSolution
		HideSolutionNode = FALSE
	EndGlobalSection
	GlobalSection(ExtensibilityGlobals) = postSolution
		SolutionGuid = {F5F5C052-A6D9-4220-B28F-9277C9F87FD0}
	EndGlobalSection
EndGlobal
